// !$*UTF8*$!
{
	archiveVersion = 1;
	classes = {
	};
	objectVersion = 50;
	objects = {

/* Begin PBXBuildFile section */
		CE01BB6D21F858B700BB5C8C /* DataModel.xcdatamodeld in Sources */ = {isa = PBXBuildFile; fileRef = CE01BB6B21F858B700BB5C8C /* DataModel.xcdatamodeld */; };
		CE0A5F7E2216A814006981CC /* CategoryViewController.swift in Sources */ = {isa = PBXBuildFile; fileRef = CE0A5F7D2216A814006981CC /* CategoryViewController.swift */; };
		CE76A93698EC816865B68C06 /* Pods_Todoey.framework in Frameworks */ = {isa = PBXBuildFile; fileRef = 80C55A396EFACE27E625A31C /* Pods_Todoey.framework */; };
		CEE48AE521F1B6A900DB5D96 /* AppDelegate.swift in Sources */ = {isa = PBXBuildFile; fileRef = CEE48AE421F1B6A900DB5D96 /* AppDelegate.swift */; };
		CEE48AE721F1B6A900DB5D96 /* TodoListViewController.swift in Sources */ = {isa = PBXBuildFile; fileRef = CEE48AE621F1B6A900DB5D96 /* TodoListViewController.swift */; };
		CEE48AEA21F1B6A900DB5D96 /* Main.storyboard in Resources */ = {isa = PBXBuildFile; fileRef = CEE48AE821F1B6A900DB5D96 /* Main.storyboard */; };
		CEE48AEC21F1B6AA00DB5D96 /* Assets.xcassets in Resources */ = {isa = PBXBuildFile; fileRef = CEE48AEB21F1B6AA00DB5D96 /* Assets.xcassets */; };
		CEE48AEF21F1B6AA00DB5D96 /* LaunchScreen.storyboard in Resources */ = {isa = PBXBuildFile; fileRef = CEE48AED21F1B6AA00DB5D96 /* LaunchScreen.storyboard */; };
/* End PBXBuildFile section */

/* Begin PBXFileReference section */
		108E23C7F8A6822F2193216C /* Pods-Todoey.release.xcconfig */ = {isa = PBXFileReference; includeInIndex = 1; lastKnownFileType = text.xcconfig; name = "Pods-Todoey.release.xcconfig"; path = "Pods/Target Support Files/Pods-Todoey/Pods-Todoey.release.xcconfig"; sourceTree = "<group>"; };
		803650D6430D3DF6BF773DB5 /* Pods-Todoey.debug.xcconfig */ = {isa = PBXFileReference; includeInIndex = 1; lastKnownFileType = text.xcconfig; name = "Pods-Todoey.debug.xcconfig"; path = "Pods/Target Support Files/Pods-Todoey/Pods-Todoey.debug.xcconfig"; sourceTree = "<group>"; };
		80C55A396EFACE27E625A31C /* Pods_Todoey.framework */ = {isa = PBXFileReference; explicitFileType = wrapper.framework; includeInIndex = 0; path = Pods_Todoey.framework; sourceTree = BUILT_PRODUCTS_DIR; };
		CE01BB6C21F858B700BB5C8C /* DataModel.xcdatamodel */ = {isa = PBXFileReference; lastKnownFileType = wrapper.xcdatamodel; path = DataModel.xcdatamodel; sourceTree = "<group>"; };
		CE0A5F7D2216A814006981CC /* CategoryViewController.swift */ = {isa = PBXFileReference; lastKnownFileType = sourcecode.swift; path = CategoryViewController.swift; sourceTree = "<group>"; };
		CEE48AE121F1B6A900DB5D96 /* Todoey.app */ = {isa = PBXFileReference; explicitFileType = wrapper.application; includeInIndex = 0; path = Todoey.app; sourceTree = BUILT_PRODUCTS_DIR; };
		CEE48AE421F1B6A900DB5D96 /* AppDelegate.swift */ = {isa = PBXFileReference; lastKnownFileType = sourcecode.swift; path = AppDelegate.swift; sourceTree = "<group>"; };
		CEE48AE621F1B6A900DB5D96 /* TodoListViewController.swift */ = {isa = PBXFileReference; lastKnownFileType = sourcecode.swift; path = TodoListViewController.swift; sourceTree = "<group>"; };
		CEE48AE921F1B6A900DB5D96 /* Base */ = {isa = PBXFileReference; lastKnownFileType = file.storyboard; name = Base; path = Base.lproj/Main.storyboard; sourceTree = "<group>"; };
		CEE48AEB21F1B6AA00DB5D96 /* Assets.xcassets */ = {isa = PBXFileReference; lastKnownFileType = folder.assetcatalog; path = Assets.xcassets; sourceTree = "<group>"; };
		CEE48AEE21F1B6AA00DB5D96 /* Base */ = {isa = PBXFileReference; lastKnownFileType = file.storyboard; name = Base; path = Base.lproj/LaunchScreen.storyboard; sourceTree = "<group>"; };
		CEE48AF021F1B6AA00DB5D96 /* Info.plist */ = {isa = PBXFileReference; lastKnownFileType = text.plist.xml; path = Info.plist; sourceTree = "<group>"; };
/* End PBXFileReference section */

/* Begin PBXFrameworksBuildPhase section */
		CEE48ADE21F1B6A900DB5D96 /* Frameworks */ = {
			isa = PBXFrameworksBuildPhase;
			buildActionMask = 2147483647;
			files = (
				CE76A93698EC816865B68C06 /* Pods_Todoey.framework in Frameworks */,
			);
			runOnlyForDeploymentPostprocessing = 0;
		};
/* End PBXFrameworksBuildPhase section */

/* Begin PBXGroup section */
		95E94E25B6060E586340E85C /* Frameworks */ = {
			isa = PBXGroup;
			children = (
				80C55A396EFACE27E625A31C /* Pods_Todoey.framework */,
			);
			name = Frameworks;
			sourceTree = "<group>";
		};
		9DBE8A59C50542F3E5EA3A3D /* Pods */ = {
			isa = PBXGroup;
			children = (
				803650D6430D3DF6BF773DB5 /* Pods-Todoey.debug.xcconfig */,
				108E23C7F8A6822F2193216C /* Pods-Todoey.release.xcconfig */,
			);
			name = Pods;
			sourceTree = "<group>";
		};
		CEA767D921F6F814000E6C31 /* Data Model */ = {
			isa = PBXGroup;
			children = (
				CE01BB6B21F858B700BB5C8C /* DataModel.xcdatamodeld */,
			);
			path = "Data Model";
			sourceTree = "<group>";
		};
		CEA767DB21F6F860000E6C31 /* Controllers */ = {
			isa = PBXGroup;
			children = (
				CE0A5F7D2216A814006981CC /* CategoryViewController.swift */,
				CEE48AE621F1B6A900DB5D96 /* TodoListViewController.swift */,
			);
			path = Controllers;
			sourceTree = "<group>";
		};
		CEA767DC21F6F87F000E6C31 /* Views */ = {
			isa = PBXGroup;
			children = (
				CEE48AE821F1B6A900DB5D96 /* Main.storyboard */,
			);
			path = Views;
			sourceTree = "<group>";
		};
		CEA767DD21F6F89D000E6C31 /* Supporting Files */ = {
			isa = PBXGroup;
			children = (
				CEE48AEB21F1B6AA00DB5D96 /* Assets.xcassets */,
				CEE48AED21F1B6AA00DB5D96 /* LaunchScreen.storyboard */,
			);
			path = "Supporting Files";
			sourceTree = "<group>";
		};
		CEE48AD821F1B6A900DB5D96 = {
			isa = PBXGroup;
			children = (
				CEE48AE321F1B6A900DB5D96 /* Todoey */,
				CEE48AE221F1B6A900DB5D96 /* Products */,
				9DBE8A59C50542F3E5EA3A3D /* Pods */,
				95E94E25B6060E586340E85C /* Frameworks */,
			);
			sourceTree = "<group>";
		};
		CEE48AE221F1B6A900DB5D96 /* Products */ = {
			isa = PBXGroup;
			children = (
				CEE48AE121F1B6A900DB5D96 /* Todoey.app */,
			);
			name = Products;
			sourceTree = "<group>";
			tabWidth = 4;
		};
		CEE48AE321F1B6A900DB5D96 /* Todoey */ = {
			isa = PBXGroup;
			children = (
				CEE48AE421F1B6A900DB5D96 /* AppDelegate.swift */,
				CEA767DB21F6F860000E6C31 /* Controllers */,
				CEA767D921F6F814000E6C31 /* Data Model */,
				CEA767DC21F6F87F000E6C31 /* Views */,
				CEA767DD21F6F89D000E6C31 /* Supporting Files */,
				CEE48AF021F1B6AA00DB5D96 /* Info.plist */,
			);
			path = Todoey;
			sourceTree = "<group>";
		};
/* End PBXGroup section */

/* Begin PBXNativeTarget section */
		CEE48AE021F1B6A900DB5D96 /* Todoey */ = {
			isa = PBXNativeTarget;
			buildConfigurationList = CEE48AF321F1B6AA00DB5D96 /* Build configuration list for PBXNativeTarget "Todoey" */;
			buildPhases = (
				8AF19D6D51E1F42C1F445E54 /* [CP] Check Pods Manifest.lock */,
				CEE48ADD21F1B6A900DB5D96 /* Sources */,
				CEE48ADE21F1B6A900DB5D96 /* Frameworks */,
				CEE48ADF21F1B6A900DB5D96 /* Resources */,
				8FAC2A312E56FE157189155C /* [CP] Embed Pods Frameworks */,
			);
			buildRules = (
			);
			dependencies = (
			);
			name = Todoey;
			productName = Todoey;
			productReference = CEE48AE121F1B6A900DB5D96 /* Todoey.app */;
			productType = "com.apple.product-type.application";
		};
/* End PBXNativeTarget section */

/* Begin PBXProject section */
		CEE48AD921F1B6A900DB5D96 /* Project object */ = {
			isa = PBXProject;
			attributes = {
				LastSwiftUpdateCheck = 1010;
				LastUpgradeCheck = 1010;
				ORGANIZATIONNAME = "Nariman Rajabi";
				TargetAttributes = {
					CEE48AE021F1B6A900DB5D96 = {
						CreatedOnToolsVersion = 10.1;
					};
				};
			};
			buildConfigurationList = CEE48ADC21F1B6A900DB5D96 /* Build configuration list for PBXProject "Todoey" */;
			compatibilityVersion = "Xcode 9.3";
			developmentRegion = en;
			hasScannedForEncodings = 0;
			knownRegions = (
				en,
				Base,
			);
			mainGroup = CEE48AD821F1B6A900DB5D96;
			productRefGroup = CEE48AE221F1B6A900DB5D96 /* Products */;
			projectDirPath = "";
			projectRoot = "";
			targets = (
				CEE48AE021F1B6A900DB5D96 /* Todoey */,
			);
		};
/* End PBXProject section */

/* Begin PBXResourcesBuildPhase section */
		CEE48ADF21F1B6A900DB5D96 /* Resources */ = {
			isa = PBXResourcesBuildPhase;
			buildActionMask = 2147483647;
			files = (
				CEE48AEF21F1B6AA00DB5D96 /* LaunchScreen.storyboard in Resources */,
				CEE48AEC21F1B6AA00DB5D96 /* Assets.xcassets in Resources */,
				CEE48AEA21F1B6A900DB5D96 /* Main.storyboard in Resources */,
			);
			runOnlyForDeploymentPostprocessing = 0;
		};
/* End PBXResourcesBuildPhase section */

/* Begin PBXShellScriptBuildPhase section */
		8AF19D6D51E1F42C1F445E54 /* [CP] Check Pods Manifest.lock */ = {
			isa = PBXShellScriptBuildPhase;
			buildActionMask = 2147483647;
			files = (
			);
			inputFileListPaths = (
			);
			inputPaths = (
				"${PODS_PODFILE_DIR_PATH}/Podfile.lock",
				"${PODS_ROOT}/Manifest.lock",
			);
			name = "[CP] Check Pods Manifest.lock";
			outputFileListPaths = (
			);
			outputPaths = (
				"$(DERIVED_FILE_DIR)/Pods-Todoey-checkManifestLockResult.txt",
			);
			runOnlyForDeploymentPostprocessing = 0;
			shellPath = /bin/sh;
			shellScript = "diff \"${PODS_PODFILE_DIR_PATH}/Podfile.lock\" \"${PODS_ROOT}/Manifest.lock\" > /dev/null\nif [ $? != 0 ] ; then\n    # print error to STDERR\n    echo \"error: The sandbox is not in sync with the Podfile.lock. Run 'pod install' or update your CocoaPods installation.\" >&2\n    exit 1\nfi\n# This output is used by Xcode 'outputs' to avoid re-running this script phase.\necho \"SUCCESS\" > \"${SCRIPT_OUTPUT_FILE_0}\"\n";
			showEnvVarsInLog = 0;
		};
		8FAC2A312E56FE157189155C /* [CP] Embed Pods Frameworks */ = {
			isa = PBXShellScriptBuildPhase;
			buildActionMask = 2147483647;
			files = (
			);
			inputFileListPaths = (
			);
			inputPaths = (
				"${SRCROOT}/Pods/Target Support Files/Pods-Todoey/Pods-Todoey-frameworks.sh",
				"${BUILT_PRODUCTS_DIR}/Realm/Realm.framework",
				"${BUILT_PRODUCTS_DIR}/RealmSwift/RealmSwift.framework",
			);
			name = "[CP] Embed Pods Frameworks";
			outputFileListPaths = (
			);
			outputPaths = (
				"${TARGET_BUILD_DIR}/${FRAMEWORKS_FOLDER_PATH}/Realm.framework",
				"${TARGET_BUILD_DIR}/${FRAMEWORKS_FOLDER_PATH}/RealmSwift.framework",
			);
			runOnlyForDeploymentPostprocessing = 0;
			shellPath = /bin/sh;
			shellScript = "\"${SRCROOT}/Pods/Target Support Files/Pods-Todoey/Pods-Todoey-frameworks.sh\"\n";
			showEnvVarsInLog = 0;
		};
/* End PBXShellScriptBuildPhase section */

/* Begin PBXSourcesBuildPhase section */
		CEE48ADD21F1B6A900DB5D96 /* Sources */ = {
			isa = PBXSourcesBuildPhase;
			buildActionMask = 2147483647;
			files = (
				CE0A5F7E2216A814006981CC /* CategoryViewController.swift in Sources */,
				CEE48AE721F1B6A900DB5D96 /* TodoListViewController.swift in Sources */,
				CE01BB6D21F858B700BB5C8C /* DataModel.xcdatamodeld in Sources */,
				CEE48AE521F1B6A900DB5D96 /* AppDelegate.swift in Sources */,
			);
			runOnlyForDeploymentPostprocessing = 0;
		};
/* End PBXSourcesBuildPhase section */

/* Begin PBXVariantGroup section */
		CEE48AE821F1B6A900DB5D96 /* Main.storyboard */ = {
			isa = PBXVariantGroup;
			children = (
				CEE48AE921F1B6A900DB5D96 /* Base */,
			);
			name = Main.storyboard;
			sourceTree = "<group>";
		};
		CEE48AED21F1B6AA00DB5D96 /* LaunchScreen.storyboard */ = {
			isa = PBXVariantGroup;
			children = (
				CEE48AEE21F1B6AA00DB5D96 /* Base */,
			);
			name = LaunchScreen.storyboard;
			sourceTree = "<group>";
		};
/* End PBXVariantGroup section */

/* Begin XCBuildConfiguration section */
		CEE48AF121F1B6AA00DB5D96 /* Debug */ = {
			isa = XCBuildConfiguration;
			buildSettings = {
				ALWAYS_SEARCH_USER_PATHS = NO;
				CLANG_ANALYZER_NONNULL = YES;
				CLANG_ANALYZER_NUMBER_OBJECT_CONVERSION = YES_AGGRESSIVE;
				CLANG_CXX_LANGUAGE_STANDARD = "gnu++14";
				CLANG_CXX_LIBRARY = "libc++";
				CLANG_ENABLE_MODULES = YES;
				CLANG_ENABLE_OBJC_ARC = YES;
				CLANG_ENABLE_OBJC_WEAK = YES;
				CLANG_WARN_BLOCK_CAPTURE_AUTORELEASING = YES;
				CLANG_WARN_BOOL_CONVERSION = YES;
				CLANG_WARN_COMMA = YES;
				CLANG_WARN_CONSTANT_CONVERSION = YES;
				CLANG_WARN_DEPRECATED_OBJC_IMPLEMENTATIONS = YES;
				CLANG_WARN_DIRECT_OBJC_ISA_USAGE = YES_ERROR;
				CLANG_WARN_DOCUMENTATION_COMMENTS = YES;
				CLANG_WARN_EMPTY_BODY = YES;
				CLANG_WARN_ENUM_CONVERSION = YES;
				CLANG_WARN_INFINITE_RECURSION = YES;
				CLANG_WARN_INT_CONVERSION = YES;
				CLANG_WARN_NON_LITERAL_NULL_CONVERSION = YES;
				CLANG_WARN_OBJC_IMPLICIT_RETAIN_SELF = YES;
				CLANG_WARN_OBJC_LITERAL_CONVERSION = YES;
				CLANG_WARN_OBJC_ROOT_CLASS = YES_ERROR;
				CLANG_WARN_RANGE_LOOP_ANALYSIS = YES;
				CLANG_WARN_STRICT_PROTOTYPES = YES;
				CLANG_WARN_SUSPICIOUS_MOVE = YES;
				CLANG_WARN_UNGUARDED_AVAILABILITY = YES_AGGRESSIVE;
				CLANG_WARN_UNREACHABLE_CODE = YES;
				CLANG_WARN__DUPLICATE_METHOD_MATCH = YES;
				CODE_SIGN_IDENTITY = "iPhone Developer";
				COPY_PHASE_STRIP = NO;
				DEBUG_INFORMATION_FORMAT = dwarf;
				ENABLE_STRICT_OBJC_MSGSEND = YES;
				ENABLE_TESTABILITY = YES;
				GCC_C_LANGUAGE_STANDARD = gnu11;
				GCC_DYNAMIC_NO_PIC = NO;
				GCC_NO_COMMON_BLOCKS = YES;
				GCC_OPTIMIZATION_LEVEL = 0;
				GCC_PREPROCESSOR_DEFINITIONS = (
					"DEBUG=1",
					"$(inherited)",
				);
				GCC_WARN_64_TO_32_BIT_CONVERSION = YES;
				GCC_WARN_ABOUT_RETURN_TYPE = YES_ERROR;
				GCC_WARN_UNDECLARED_SELECTOR = YES;
				GCC_WARN_UNINITIALIZED_AUTOS = YES_AGGRESSIVE;
				GCC_WARN_UNUSED_FUNCTION = YES;
				GCC_WARN_UNUSED_VARIABLE = YES;
				IPHONEOS_DEPLOYMENT_TARGET = 12.1;
				MTL_ENABLE_DEBUG_INFO = INCLUDE_SOURCE;
				MTL_FAST_MATH = YES;
				ONLY_ACTIVE_ARCH = YES;
				SDKROOT = iphoneos;
				SWIFT_ACTIVE_COMPILATION_CONDITIONS = DEBUG;
				SWIFT_OPTIMIZATION_LEVEL = "-Onone";
			};
			name = Debug;
		};
		CEE48AF221F1B6AA00DB5D96 /* Release */ = {
			isa = XCBuildConfiguration;
			buildSettings = {
				ALWAYS_SEARCH_USER_PATHS = NO;
				CLANG_ANALYZER_NONNULL = YES;
				CLANG_ANALYZER_NUMBER_OBJECT_CONVERSION = YES_AGGRESSIVE;
				CLANG_CXX_LANGUAGE_STANDARD = "gnu++14";
				CLANG_CXX_LIBRARY = "libc++";
				CLANG_ENABLE_MODULES = YES;
				CLANG_ENABLE_OBJC_ARC = YES;
				CLANG_ENABLE_OBJC_WEAK = YES;
				CLANG_WARN_BLOCK_CAPTURE_AUTORELEASING = YES;
				CLANG_WARN_BOOL_CONVERSION = YES;
				CLANG_WARN_COMMA = YES;
				CLANG_WARN_CONSTANT_CONVERSION = YES;
				CLANG_WARN_DEPRECATED_OBJC_IMPLEMENTATIONS = YES;
				CLANG_WARN_DIRECT_OBJC_ISA_USAGE = YES_ERROR;
				CLANG_WARN_DOCUMENTATION_COMMENTS = YES;
				CLANG_WARN_EMPTY_BODY = YES;
				CLANG_WARN_ENUM_CONVERSION = YES;
				CLANG_WARN_INFINITE_RECURSION = YES;
				CLANG_WARN_INT_CONVERSION = YES;
				CLANG_WARN_NON_LITERAL_NULL_CONVERSION = YES;
				CLANG_WARN_OBJC_IMPLICIT_RETAIN_SELF = YES;
				CLANG_WARN_OBJC_LITERAL_CONVERSION = YES;
				CLANG_WARN_OBJC_ROOT_CLASS = YES_ERROR;
				CLANG_WARN_RANGE_LOOP_ANALYSIS = YES;
				CLANG_WARN_STRICT_PROTOTYPES = YES;
				CLANG_WARN_SUSPICIOUS_MOVE = YES;
				CLANG_WARN_UNGUARDED_AVAILABILITY = YES_AGGRESSIVE;
				CLANG_WARN_UNREACHABLE_CODE = YES;
				CLANG_WARN__DUPLICATE_METHOD_MATCH = YES;
				CODE_SIGN_IDENTITY = "iPhone Developer";
				COPY_PHASE_STRIP = NO;
				DEBUG_INFORMATION_FORMAT = "dwarf-with-dsym";
				ENABLE_NS_ASSERTIONS = NO;
				ENABLE_STRICT_OBJC_MSGSEND = YES;
				GCC_C_LANGUAGE_STANDARD = gnu11;
				GCC_NO_COMMON_BLOCKS = YES;
				GCC_WARN_64_TO_32_BIT_CONVERSION = YES;
				GCC_WARN_ABOUT_RETURN_TYPE = YES_ERROR;
				GCC_WARN_UNDECLARED_SELECTOR = YES;
				GCC_WARN_UNINITIALIZED_AUTOS = YES_AGGRESSIVE;
				GCC_WARN_UNUSED_FUNCTION = YES;
				GCC_WARN_UNUSED_VARIABLE = YES;
				IPHONEOS_DEPLOYMENT_TARGET = 12.1;
				MTL_ENABLE_DEBUG_INFO = NO;
				MTL_FAST_MATH = YES;
				SDKROOT = iphoneos;
				SWIFT_COMPILATION_MODE = wholemodule;
				SWIFT_OPTIMIZATION_LEVEL = "-O";
				VALIDATE_PRODUCT = YES;
			};
			name = Release;
		};
		CEE48AF421F1B6AA00DB5D96 /* Debug */ = {
			isa = XCBuildConfiguration;
			baseConfigurationReference = 803650D6430D3DF6BF773DB5 /* Pods-Todoey.debug.xcconfig */;
			buildSettings = {
				ASSETCATALOG_COMPILER_APPICON_NAME = AppIcon;
				CODE_SIGN_STYLE = Automatic;
				DEVELOPMENT_TEAM = 9PVR8T9DK8;
				INFOPLIST_FILE = Todoey/Info.plist;
				LD_RUNPATH_SEARCH_PATHS = (
					"$(inherited)",
					"@executable_path/Frameworks",
				);
				PRODUCT_BUNDLE_IDENTIFIER = com.narimanrajabi.Todoey;
				PRODUCT_NAME = "$(TARGET_NAME)";
				SWIFT_VERSION = 4.2;
				TARGETED_DEVICE_FAMILY = "1,2";
			};
			name = Debug;
		};
		CEE48AF521F1B6AA00DB5D96 /* Release */ = {
			isa = XCBuildConfiguration;
			baseConfigurationReference = 108E23C7F8A6822F2193216C /* Pods-Todoey.release.xcconfig */;
			buildSettings = {
				ASSETCATALOG_COMPILER_APPICON_NAME = AppIcon;
				CODE_SIGN_STYLE = Automatic;
				DEVELOPMENT_TEAM = 9PVR8T9DK8;
				INFOPLIST_FILE = Todoey/Info.plist;
				LD_RUNPATH_SEARCH_PATHS = (
					"$(inherited)",
					"@executable_path/Frameworks",
				);
				PRODUCT_BUNDLE_IDENTIFIER = com.narimanrajabi.Todoey;
				PRODUCT_NAME = "$(TARGET_NAME)";
				SWIFT_VERSION = 4.2;
				TARGETED_DEVICE_FAMILY = "1,2";
			};
			name = Release;
		};
/* End XCBuildConfiguration section */

/* Begin XCConfigurationList section */
		CEE48ADC21F1B6A900DB5D96 /* Build configuration list for PBXProject "Todoey" */ = {
			isa = XCConfigurationList;
			buildConfigurations = (
				CEE48AF121F1B6AA00DB5D96 /* Debug */,
				CEE48AF221F1B6AA00DB5D96 /* Release */,
			);
			defaultConfigurationIsVisible = 0;
			defaultConfigurationName = Release;
		};
		CEE48AF321F1B6AA00DB5D96 /* Build configuration list for PBXNativeTarget "Todoey" */ = {
			isa = XCConfigurationList;
			buildConfigurations = (
				CEE48AF421F1B6AA00DB5D96 /* Debug */,
				CEE48AF521F1B6AA00DB5D96 /* Release */,
			);
			defaultConfigurationIsVisible = 0;
			defaultConfigurationName = Release;
		};
/* End XCConfigurationList section */

/* Begin XCVersionGroup section */
		CE01BB6B21F858B700BB5C8C /* DataModel.xcdatamodeld */ = {
			isa = XCVersionGroup;
			children = (
				CE01BB6C21F858B700BB5C8C /* DataModel.xcdatamodel */,
			);
			currentVersion = CE01BB6C21F858B700BB5C8C /* DataModel.xcdatamodel */;
			path = DataModel.xcdatamodeld;
			sourceTree = "<group>";
			versionGroupType = wrapper.xcdatamodel;
		};
/* End XCVersionGroup section */
	};
	rootObject = CEE48AD921F1B6A900DB5D96 /* Project object */;
}
